
Microsoft Visual Studio Solution File, Format Version 12.00
# Visual Studio 2012
Project("{FAE04EC0-301F-11D3-BF4B-00C04F79EFBC}") = "Userinfomvc", "Userinfomvc\Userinfomvc.csproj", "{140DD3C5-F12E-4E03-9A00-A190504141EB}"
EndProject
Global
	GlobalSection(SolutionConfigurationPlatforms) = preSolution
		Debug|Any CPU = Debug|Any CPU
		Release|Any CPU = Release|Any CPU
	EndGlobalSection
	GlobalSection(ProjectConfigurationPlatforms) = postSolution
		{140DD3C5-F12E-4E03-9A00-A190504141EB}.Debug|Any CPU.ActiveCfg = Debug|Any CPU
		{140DD3C5-F12E-4E03-9A00-A190504141EB}.Debug|Any CPU.Build.0 = Debug|Any CPU
		{140DD3C5-F12E-4E03-9A00-A190504141EB}.Release|Any CPU.ActiveCfg = Release|Any CPU
		{140DD3C5-F12E-4E03-9A00-A190504141EB}.Release|Any CPU.Build.0 = Release|Any CPU
	EndGlobalSection
	GlobalSection(SolutionProperties) = preSolution
		HideSolutionNode = FALSE
	EndGlobalSection
EndGlobal
